PODS:
  - AXSwift (0.2.1)
  - MASShortcut (2.3.6)

DEPENDENCIES:
  - AXSwift (~> 0.2)
  - MASShortcut

SPEC CHECKSUMS:
  AXSwift: 4042f63258a556ab3e6335ccaf02196e3f7745fa
  MASShortcut: 9c215e8a8a78f3d01ce56da48e2730ab66b538fa

PODFILE CHECKSUM: 16402c2913045441c60010384e4a6379b6dea666

COCOAPODS: 1.4.0
